
Microsoft Visual Studio Solution File, Format Version 12.00
Project("{FAE04EC0-301F-11D3-BF4B-00C04F79EFBC}") = "StudyPortal.Test", "StudyPortal.Test\StudyPortal.Test.csproj", "{2AFB90E0-CC6E-4D29-9C96-12ED56854B45}"
EndProject
Global
	GlobalSection(SolutionConfigurationPlatforms) = preSolution
		Debug|Any CPU = Debug|Any CPU
		Release|Any CPU = Release|Any CPU
	EndGlobalSection
	GlobalSection(ProjectConfigurationPlatforms) = postSolution
		{2AFB90E0-CC6E-4D29-9C96-12ED56854B45}.Debug|Any CPU.ActiveCfg = Debug|Any CPU
		{2AFB90E0-CC6E-4D29-9C96-12ED56854B45}.Debug|Any CPU.Build.0 = Debug|Any CPU
		{2AFB90E0-CC6E-4D29-9C96-12ED56854B45}.Release|Any CPU.ActiveCfg = Release|Any CPU
		{2AFB90E0-CC6E-4D29-9C96-12ED56854B45}.Release|Any CPU.Build.0 = Release|Any CPU
	EndGlobalSection
EndGlobal
